// !$*UTF8*$!
{
	archiveVersion = 1;
	classes = {
	};
	objectVersion = 46;
	objects = {

/* Begin PBXBuildFile section */
		7907437B1B2C4FF200BA36C1 /* AsyncButton.swift in Sources */ = {isa = PBXBuildFile; fileRef = 7907435D1B2C4FF200BA36C1 /* AsyncButton.swift */; };
		7907437C1B2C4FF200BA36C1 /* AsyncImageView.swift in Sources */ = {isa = PBXBuildFile; fileRef = 7907435E1B2C4FF200BA36C1 /* AsyncImageView.swift */; };
		7907437D1B2C4FF200BA36C1 /* AutoTextView.swift in Sources */ = {isa = PBXBuildFile; fileRef = 7907435F1B2C4FF200BA36C1 /* AutoTextView.swift */; };
		7907437E1B2C4FF200BA36C1 /* BlurView.swift in Sources */ = {isa = PBXBuildFile; fileRef = 790743601B2C4FF200BA36C1 /* BlurView.swift */; };
		7907437F1B2C4FF200BA36C1 /* DesignableButton.swift in Sources */ = {isa = PBXBuildFile; fileRef = 790743611B2C4FF200BA36C1 /* DesignableButton.swift */; };
		790743801B2C4FF200BA36C1 /* DesignableImageView.swift in Sources */ = {isa = PBXBuildFile; fileRef = 790743621B2C4FF200BA36C1 /* DesignableImageView.swift */; };
		790743811B2C4FF200BA36C1 /* DesignableLabel.swift in Sources */ = {isa = PBXBuildFile; fileRef = 790743631B2C4FF200BA36C1 /* DesignableLabel.swift */; };
		790743821B2C4FF200BA36C1 /* DesignableTabBarController.swift in Sources */ = {isa = PBXBuildFile; fileRef = 790743641B2C4FF200BA36C1 /* DesignableTabBarController.swift */; };
		790743831B2C4FF200BA36C1 /* DesignableTextField.swift in Sources */ = {isa = PBXBuildFile; fileRef = 790743651B2C4FF200BA36C1 /* DesignableTextField.swift */; };
		790743841B2C4FF200BA36C1 /* DesignableTextView.swift in Sources */ = {isa = PBXBuildFile; fileRef = 790743661B2C4FF200BA36C1 /* DesignableTextView.swift */; };
		790743851B2C4FF200BA36C1 /* DesignableView.swift in Sources */ = {isa = PBXBuildFile; fileRef = 790743671B2C4FF200BA36C1 /* DesignableView.swift */; };
		790743861B2C4FF200BA36C1 /* ImageLoader.swift in Sources */ = {isa = PBXBuildFile; fileRef = 790743681B2C4FF200BA36C1 /* ImageLoader.swift */; };
		790743871B2C4FF200BA36C1 /* Info.plist in Resources */ = {isa = PBXBuildFile; fileRef = 790743691B2C4FF200BA36C1 /* Info.plist */; };
		790743881B2C4FF200BA36C1 /* KeyboardLayoutConstraint.swift in Sources */ = {isa = PBXBuildFile; fileRef = 7907436A1B2C4FF200BA36C1 /* KeyboardLayoutConstraint.swift */; };
		790743891B2C4FF200BA36C1 /* LoadingView.swift in Sources */ = {isa = PBXBuildFile; fileRef = 7907436B1B2C4FF200BA36C1 /* LoadingView.swift */; };
		7907438A1B2C4FF200BA36C1 /* LoadingView.xib in Resources */ = {isa = PBXBuildFile; fileRef = 7907436C1B2C4FF200BA36C1 /* LoadingView.xib */; };
		7907438B1B2C4FF200BA36C1 /* Misc.swift in Sources */ = {isa = PBXBuildFile; fileRef = 7907436D1B2C4FF200BA36C1 /* Misc.swift */; };
		7907438C1B2C4FF200BA36C1 /* SoundPlayer.swift in Sources */ = {isa = PBXBuildFile; fileRef = 7907436E1B2C4FF200BA36C1 /* SoundPlayer.swift */; };
		7907438D1B2C4FF200BA36C1 /* Spring.swift in Sources */ = {isa = PBXBuildFile; fileRef = 790743701B2C4FF200BA36C1 /* Spring.swift */; };
		7907438E1B2C4FF200BA36C1 /* SpringAnimation.swift in Sources */ = {isa = PBXBuildFile; fileRef = 790743711B2C4FF200BA36C1 /* SpringAnimation.swift */; };
		7907438F1B2C4FF200BA36C1 /* SpringButton.swift in Sources */ = {isa = PBXBuildFile; fileRef = 790743721B2C4FF200BA36C1 /* SpringButton.swift */; };
		790743901B2C4FF200BA36C1 /* SpringImageView.swift in Sources */ = {isa = PBXBuildFile; fileRef = 790743731B2C4FF200BA36C1 /* SpringImageView.swift */; };
		790743911B2C4FF200BA36C1 /* SpringLabel.swift in Sources */ = {isa = PBXBuildFile; fileRef = 790743741B2C4FF200BA36C1 /* SpringLabel.swift */; };
		790743921B2C4FF200BA36C1 /* SpringTextField.swift in Sources */ = {isa = PBXBuildFile; fileRef = 790743751B2C4FF200BA36C1 /* SpringTextField.swift */; };
		790743931B2C4FF200BA36C1 /* SpringTextView.swift in Sources */ = {isa = PBXBuildFile; fileRef = 790743761B2C4FF200BA36C1 /* SpringTextView.swift */; };
		790743941B2C4FF200BA36C1 /* SpringView.swift in Sources */ = {isa = PBXBuildFile; fileRef = 790743771B2C4FF200BA36C1 /* SpringView.swift */; };
		790743951B2C4FF200BA36C1 /* TransitionManager.swift in Sources */ = {isa = PBXBuildFile; fileRef = 790743781B2C4FF200BA36C1 /* TransitionManager.swift */; };
		790743961B2C4FF200BA36C1 /* TransitionZoom.swift in Sources */ = {isa = PBXBuildFile; fileRef = 790743791B2C4FF200BA36C1 /* TransitionZoom.swift */; };
		790743971B2C4FF200BA36C1 /* UnwindSegue.swift in Sources */ = {isa = PBXBuildFile; fileRef = 7907437A1B2C4FF200BA36C1 /* UnwindSegue.swift */; };
		79BE4AA51B2BDFC10047E037 /* AppDelegate.swift in Sources */ = {isa = PBXBuildFile; fileRef = 79BE4AA41B2BDFC10047E037 /* AppDelegate.swift */; };
		79BE4AA71B2BDFC10047E037 /* MyViewController.swift in Sources */ = {isa = PBXBuildFile; fileRef = 79BE4AA61B2BDFC10047E037 /* MyViewController.swift */; };
		79BE4AAA1B2BDFC10047E037 /* Main.storyboard in Resources */ = {isa = PBXBuildFile; fileRef = 79BE4AA81B2BDFC10047E037 /* Main.storyboard */; };
		79BE4AAC1B2BDFC10047E037 /* Images.xcassets in Resources */ = {isa = PBXBuildFile; fileRef = 79BE4AAB1B2BDFC10047E037 /* Images.xcassets */; };
		79BE4AAF1B2BDFC10047E037 /* LaunchScreen.xib in Resources */ = {isa = PBXBuildFile; fileRef = 79BE4AAD1B2BDFC10047E037 /* LaunchScreen.xib */; };
		79BE4ABB1B2BDFC10047E037 /* UITableViewHeaderTests.swift in Sources */ = {isa = PBXBuildFile; fileRef = 79BE4ABA1B2BDFC10047E037 /* UITableViewHeaderTests.swift */; };
		79BE4AC51B2BE31F0047E037 /* HeaderView.xib in Resources */ = {isa = PBXBuildFile; fileRef = 79BE4AC41B2BE31F0047E037 /* HeaderView.xib */; };
		79BE4AC71B2BE4BB0047E037 /* MyTableViewController.swift in Sources */ = {isa = PBXBuildFile; fileRef = 79BE4AC61B2BE4BB0047E037 /* MyTableViewController.swift */; };
		79BE4AC91B2BE64E0047E037 /* TableViewCell.swift in Sources */ = {isa = PBXBuildFile; fileRef = 79BE4AC81B2BE64E0047E037 /* TableViewCell.swift */; };
		79BE4ACC1B2BE7FC0047E037 /* LTableViewCell.swift in Sources */ = {isa = PBXBuildFile; fileRef = 79BE4ACA1B2BE7FC0047E037 /* LTableViewCell.swift */; };
		79BE4ACD1B2BE7FC0047E037 /* LTableViewCell.xib in Resources */ = {isa = PBXBuildFile; fileRef = 79BE4ACB1B2BE7FC0047E037 /* LTableViewCell.xib */; };
/* End PBXBuildFile section */

/* Begin PBXContainerItemProxy section */
		79BE4AB51B2BDFC10047E037 /* PBXContainerItemProxy */ = {
			isa = PBXContainerItemProxy;
			containerPortal = 79BE4A971B2BDFC10047E037 /* Project object */;
			proxyType = 1;
			remoteGlobalIDString = 79BE4A9E1B2BDFC10047E037;
			remoteInfo = UITableViewHeader;
		};
/* End PBXContainerItemProxy section */

/* Begin PBXFileReference section */
		7907435D1B2C4FF200BA36C1 /* AsyncButton.swift */ = {isa = PBXFileReference; fileEncoding = 4; lastKnownFileType = sourcecode.swift; path = AsyncButton.swift; sourceTree = "<group>"; };
		7907435E1B2C4FF200BA36C1 /* AsyncImageView.swift */ = {isa = PBXFileReference; fileEncoding = 4; lastKnownFileType = sourcecode.swift; path = AsyncImageView.swift; sourceTree = "<group>"; };
		7907435F1B2C4FF200BA36C1 /* AutoTextView.swift */ = {isa = PBXFileReference; fileEncoding = 4; lastKnownFileType = sourcecode.swift; path = AutoTextView.swift; sourceTree = "<group>"; };
		790743601B2C4FF200BA36C1 /* BlurView.swift */ = {isa = PBXFileReference; fileEncoding = 4; lastKnownFileType = sourcecode.swift; path = BlurView.swift; sourceTree = "<group>"; };
		790743611B2C4FF200BA36C1 /* DesignableButton.swift */ = {isa = PBXFileReference; fileEncoding = 4; lastKnownFileType = sourcecode.swift; path = DesignableButton.swift; sourceTree = "<group>"; };
		790743621B2C4FF200BA36C1 /* DesignableImageView.swift */ = {isa = PBXFileReference; fileEncoding = 4; lastKnownFileType = sourcecode.swift; path = DesignableImageView.swift; sourceTree = "<group>"; };
		790743631B2C4FF200BA36C1 /* DesignableLabel.swift */ = {isa = PBXFileReference; fileEncoding = 4; lastKnownFileType = sourcecode.swift; path = DesignableLabel.swift; sourceTree = "<group>"; };
		790743641B2C4FF200BA36C1 /* DesignableTabBarController.swift */ = {isa = PBXFileReference; fileEncoding = 4; lastKnownFileType = sourcecode.swift; path = DesignableTabBarController.swift; sourceTree = "<group>"; };
		790743651B2C4FF200BA36C1 /* DesignableTextField.swift */ = {isa = PBXFileReference; fileEncoding = 4; lastKnownFileType = sourcecode.swift; path = DesignableTextField.swift; sourceTree = "<group>"; };
		790743661B2C4FF200BA36C1 /* DesignableTextView.swift */ = {isa = PBXFileReference; fileEncoding = 4; lastKnownFileType = sourcecode.swift; path = DesignableTextView.swift; sourceTree = "<group>"; };
		790743671B2C4FF200BA36C1 /* DesignableView.swift */ = {isa = PBXFileReference; fileEncoding = 4; lastKnownFileType = sourcecode.swift; path = DesignableView.swift; sourceTree = "<group>"; };
		790743681B2C4FF200BA36C1 /* ImageLoader.swift */ = {isa = PBXFileReference; fileEncoding = 4; lastKnownFileType = sourcecode.swift; path = ImageLoader.swift; sourceTree = "<group>"; };
		790743691B2C4FF200BA36C1 /* Info.plist */ = {isa = PBXFileReference; fileEncoding = 4; lastKnownFileType = text.plist.xml; path = Info.plist; sourceTree = "<group>"; };
		7907436A1B2C4FF200BA36C1 /* KeyboardLayoutConstraint.swift */ = {isa = PBXFileReference; fileEncoding = 4; lastKnownFileType = sourcecode.swift; path = KeyboardLayoutConstraint.swift; sourceTree = "<group>"; };
		7907436B1B2C4FF200BA36C1 /* LoadingView.swift */ = {isa = PBXFileReference; fileEncoding = 4; lastKnownFileType = sourcecode.swift; path = LoadingView.swift; sourceTree = "<group>"; };
		7907436C1B2C4FF200BA36C1 /* LoadingView.xib */ = {isa = PBXFileReference; fileEncoding = 4; lastKnownFileType = file.xib; path = LoadingView.xib; sourceTree = "<group>"; };
		7907436D1B2C4FF200BA36C1 /* Misc.swift */ = {isa = PBXFileReference; fileEncoding = 4; lastKnownFileType = sourcecode.swift; path = Misc.swift; sourceTree = "<group>"; };
		7907436E1B2C4FF200BA36C1 /* SoundPlayer.swift */ = {isa = PBXFileReference; fileEncoding = 4; lastKnownFileType = sourcecode.swift; path = SoundPlayer.swift; sourceTree = "<group>"; };
		7907436F1B2C4FF200BA36C1 /* Spring.h */ = {isa = PBXFileReference; fileEncoding = 4; lastKnownFileType = sourcecode.c.h; path = Spring.h; sourceTree = "<group>"; };
		790743701B2C4FF200BA36C1 /* Spring.swift */ = {isa = PBXFileReference; fileEncoding = 4; lastKnownFileType = sourcecode.swift; path = Spring.swift; sourceTree = "<group>"; };
		790743711B2C4FF200BA36C1 /* SpringAnimation.swift */ = {isa = PBXFileReference; fileEncoding = 4; lastKnownFileType = sourcecode.swift; path = SpringAnimation.swift; sourceTree = "<group>"; };
		790743721B2C4FF200BA36C1 /* SpringButton.swift */ = {isa = PBXFileReference; fileEncoding = 4; lastKnownFileType = sourcecode.swift; path = SpringButton.swift; sourceTree = "<group>"; };
		790743731B2C4FF200BA36C1 /* SpringImageView.swift */ = {isa = PBXFileReference; fileEncoding = 4; lastKnownFileType = sourcecode.swift; path = SpringImageView.swift; sourceTree = "<group>"; };
		790743741B2C4FF200BA36C1 /* SpringLabel.swift */ = {isa = PBXFileReference; fileEncoding = 4; lastKnownFileType = sourcecode.swift; path = SpringLabel.swift; sourceTree = "<group>"; };
		790743751B2C4FF200BA36C1 /* SpringTextField.swift */ = {isa = PBXFileReference; fileEncoding = 4; lastKnownFileType = sourcecode.swift; path = SpringTextField.swift; sourceTree = "<group>"; };
		790743761B2C4FF200BA36C1 /* SpringTextView.swift */ = {isa = PBXFileReference; fileEncoding = 4; lastKnownFileType = sourcecode.swift; path = SpringTextView.swift; sourceTree = "<group>"; };
		790743771B2C4FF200BA36C1 /* SpringView.swift */ = {isa = PBXFileReference; fileEncoding = 4; lastKnownFileType = sourcecode.swift; path = SpringView.swift; sourceTree = "<group>"; };
		790743781B2C4FF200BA36C1 /* TransitionManager.swift */ = {isa = PBXFileReference; fileEncoding = 4; lastKnownFileType = sourcecode.swift; path = TransitionManager.swift; sourceTree = "<group>"; };
		790743791B2C4FF200BA36C1 /* TransitionZoom.swift */ = {isa = PBXFileReference; fileEncoding = 4; lastKnownFileType = sourcecode.swift; path = TransitionZoom.swift; sourceTree = "<group>"; };
		7907437A1B2C4FF200BA36C1 /* UnwindSegue.swift */ = {isa = PBXFileReference; fileEncoding = 4; lastKnownFileType = sourcecode.swift; path = UnwindSegue.swift; sourceTree = "<group>"; };
		79BE4A9F1B2BDFC10047E037 /* UITableViewHeader.app */ = {isa = PBXFileReference; explicitFileType = wrapper.application; includeInIndex = 0; path = UITableViewHeader.app; sourceTree = BUILT_PRODUCTS_DIR; };
		79BE4AA31B2BDFC10047E037 /* Info.plist */ = {isa = PBXFileReference; lastKnownFileType = text.plist.xml; path = Info.plist; sourceTree = "<group>"; };
		79BE4AA41B2BDFC10047E037 /* AppDelegate.swift */ = {isa = PBXFileReference; lastKnownFileType = sourcecode.swift; path = AppDelegate.swift; sourceTree = "<group>"; };
		79BE4AA61B2BDFC10047E037 /* MyViewController.swift */ = {isa = PBXFileReference; lastKnownFileType = sourcecode.swift; path = MyViewController.swift; sourceTree = "<group>"; };
		79BE4AA91B2BDFC10047E037 /* Base */ = {isa = PBXFileReference; lastKnownFileType = file.storyboard; name = Base; path = Base.lproj/Main.storyboard; sourceTree = "<group>"; };
		79BE4AAB1B2BDFC10047E037 /* Images.xcassets */ = {isa = PBXFileReference; lastKnownFileType = folder.assetcatalog; path = Images.xcassets; sourceTree = "<group>"; };
		79BE4AAE1B2BDFC10047E037 /* Base */ = {isa = PBXFileReference; lastKnownFileType = file.xib; name = Base; path = Base.lproj/LaunchScreen.xib; sourceTree = "<group>"; };
		79BE4AB41B2BDFC10047E037 /* UITableViewHeaderTests.xctest */ = {isa = PBXFileReference; explicitFileType = wrapper.cfbundle; includeInIndex = 0; path = UITableViewHeaderTests.xctest; sourceTree = BUILT_PRODUCTS_DIR; };
		79BE4AB91B2BDFC10047E037 /* Info.plist */ = {isa = PBXFileReference; lastKnownFileType = text.plist.xml; path = Info.plist; sourceTree = "<group>"; };
		79BE4ABA1B2BDFC10047E037 /* UITableViewHeaderTests.swift */ = {isa = PBXFileReference; lastKnownFileType = sourcecode.swift; path = UITableViewHeaderTests.swift; sourceTree = "<group>"; };
		79BE4AC41B2BE31F0047E037 /* HeaderView.xib */ = {isa = PBXFileReference; fileEncoding = 4; lastKnownFileType = file.xib; path = HeaderView.xib; sourceTree = "<group>"; };
		79BE4AC61B2BE4BB0047E037 /* MyTableViewController.swift */ = {isa = PBXFileReference; fileEncoding = 4; lastKnownFileType = sourcecode.swift; path = MyTableViewController.swift; sourceTree = "<group>"; };
		79BE4AC81B2BE64E0047E037 /* TableViewCell.swift */ = {isa = PBXFileReference; fileEncoding = 4; lastKnownFileType = sourcecode.swift; path = TableViewCell.swift; sourceTree = "<group>"; };
		79BE4ACA1B2BE7FC0047E037 /* LTableViewCell.swift */ = {isa = PBXFileReference; fileEncoding = 4; lastKnownFileType = sourcecode.swift; path = LTableViewCell.swift; sourceTree = "<group>"; };
		79BE4ACB1B2BE7FC0047E037 /* LTableViewCell.xib */ = {isa = PBXFileReference; fileEncoding = 4; lastKnownFileType = file.xib; path = LTableViewCell.xib; sourceTree = "<group>"; };
/* End PBXFileReference section */

/* Begin PBXFrameworksBuildPhase section */
		79BE4A9C1B2BDFC10047E037 /* Frameworks */ = {
			isa = PBXFrameworksBuildPhase;
			buildActionMask = 2147483647;
			files = (
			);
			runOnlyForDeploymentPostprocessing = 0;
		};
		79BE4AB11B2BDFC10047E037 /* Frameworks */ = {
			isa = PBXFrameworksBuildPhase;
			buildActionMask = 2147483647;
			files = (
			);
			runOnlyForDeploymentPostprocessing = 0;
		};
/* End PBXFrameworksBuildPhase section */

/* Begin PBXGroup section */
		7907435C1B2C4FF200BA36C1 /* Spring */ = {
			isa = PBXGroup;
			children = (
				7907435D1B2C4FF200BA36C1 /* AsyncButton.swift */,
				7907435E1B2C4FF200BA36C1 /* AsyncImageView.swift */,
				7907435F1B2C4FF200BA36C1 /* AutoTextView.swift */,
				790743601B2C4FF200BA36C1 /* BlurView.swift */,
				790743611B2C4FF200BA36C1 /* DesignableButton.swift */,
				790743621B2C4FF200BA36C1 /* DesignableImageView.swift */,
				790743631B2C4FF200BA36C1 /* DesignableLabel.swift */,
				790743641B2C4FF200BA36C1 /* DesignableTabBarController.swift */,
				790743651B2C4FF200BA36C1 /* DesignableTextField.swift */,
				790743661B2C4FF200BA36C1 /* DesignableTextView.swift */,
				790743671B2C4FF200BA36C1 /* DesignableView.swift */,
				790743681B2C4FF200BA36C1 /* ImageLoader.swift */,
				790743691B2C4FF200BA36C1 /* Info.plist */,
				7907436A1B2C4FF200BA36C1 /* KeyboardLayoutConstraint.swift */,
				7907436B1B2C4FF200BA36C1 /* LoadingView.swift */,
				7907436C1B2C4FF200BA36C1 /* LoadingView.xib */,
				7907436D1B2C4FF200BA36C1 /* Misc.swift */,
				7907436E1B2C4FF200BA36C1 /* SoundPlayer.swift */,
				7907436F1B2C4FF200BA36C1 /* Spring.h */,
				790743701B2C4FF200BA36C1 /* Spring.swift */,
				790743711B2C4FF200BA36C1 /* SpringAnimation.swift */,
				790743721B2C4FF200BA36C1 /* SpringButton.swift */,
				790743731B2C4FF200BA36C1 /* SpringImageView.swift */,
				790743741B2C4FF200BA36C1 /* SpringLabel.swift */,
				790743751B2C4FF200BA36C1 /* SpringTextField.swift */,
				790743761B2C4FF200BA36C1 /* SpringTextView.swift */,
				790743771B2C4FF200BA36C1 /* SpringView.swift */,
				790743781B2C4FF200BA36C1 /* TransitionManager.swift */,
				790743791B2C4FF200BA36C1 /* TransitionZoom.swift */,
				7907437A1B2C4FF200BA36C1 /* UnwindSegue.swift */,
			);
			path = Spring;
			sourceTree = SOURCE_ROOT;
		};
		79BE4A961B2BDFC10047E037 = {
			isa = PBXGroup;
			children = (
				79BE4AA11B2BDFC10047E037 /* UITableViewHeader */,
				79BE4AB71B2BDFC10047E037 /* UITableViewHeaderTests */,
				79BE4AA01B2BDFC10047E037 /* Products */,
			);
			sourceTree = "<group>";
		};
		79BE4AA01B2BDFC10047E037 /* Products */ = {
			isa = PBXGroup;
			children = (
				79BE4A9F1B2BDFC10047E037 /* UITableViewHeader.app */,
				79BE4AB41B2BDFC10047E037 /* UITableViewHeaderTests.xctest */,
			);
			name = Products;
			sourceTree = "<group>";
		};
		79BE4AA11B2BDFC10047E037 /* UITableViewHeader */ = {
			isa = PBXGroup;
			children = (
				7907435C1B2C4FF200BA36C1 /* Spring */,
				79BE4AA41B2BDFC10047E037 /* AppDelegate.swift */,
				79BE4AA61B2BDFC10047E037 /* MyViewController.swift */,
				79BE4AA81B2BDFC10047E037 /* Main.storyboard */,
				79BE4AAB1B2BDFC10047E037 /* Images.xcassets */,
				79BE4AAD1B2BDFC10047E037 /* LaunchScreen.xib */,
				79BE4AA21B2BDFC10047E037 /* Supporting Files */,
				79BE4AC41B2BE31F0047E037 /* HeaderView.xib */,
				79BE4AC61B2BE4BB0047E037 /* MyTableViewController.swift */,
				79BE4AC81B2BE64E0047E037 /* TableViewCell.swift */,
				79BE4ACA1B2BE7FC0047E037 /* LTableViewCell.swift */,
				79BE4ACB1B2BE7FC0047E037 /* LTableViewCell.xib */,
			);
			path = UITableViewHeader;
			sourceTree = "<group>";
		};
		79BE4AA21B2BDFC10047E037 /* Supporting Files */ = {
			isa = PBXGroup;
			children = (
				79BE4AA31B2BDFC10047E037 /* Info.plist */,
			);
			name = "Supporting Files";
			sourceTree = "<group>";
		};
		79BE4AB71B2BDFC10047E037 /* UITableViewHeaderTests */ = {
			isa = PBXGroup;
			children = (
				79BE4ABA1B2BDFC10047E037 /* UITableViewHeaderTests.swift */,
				79BE4AB81B2BDFC10047E037 /* Supporting Files */,
			);
			path = UITableViewHeaderTests;
			sourceTree = "<group>";
		};
		79BE4AB81B2BDFC10047E037 /* Supporting Files */ = {
			isa = PBXGroup;
			children = (
				79BE4AB91B2BDFC10047E037 /* Info.plist */,
			);
			name = "Supporting Files";
			sourceTree = "<group>";
		};
/* End PBXGroup section */

/* Begin PBXNativeTarget section */
		79BE4A9E1B2BDFC10047E037 /* UITableViewHeader */ = {
			isa = PBXNativeTarget;
			buildConfigurationList = 79BE4ABE1B2BDFC10047E037 /* Build configuration list for PBXNativeTarget "UITableViewHeader" */;
			buildPhases = (
				79BE4A9B1B2BDFC10047E037 /* Sources */,
				79BE4A9C1B2BDFC10047E037 /* Frameworks */,
				79BE4A9D1B2BDFC10047E037 /* Resources */,
			);
			buildRules = (
			);
			dependencies = (
			);
			name = UITableViewHeader;
			productName = UITableViewHeader;
			productReference = 79BE4A9F1B2BDFC10047E037 /* UITableViewHeader.app */;
			productType = "com.apple.product-type.application";
		};
		79BE4AB31B2BDFC10047E037 /* UITableViewHeaderTests */ = {
			isa = PBXNativeTarget;
			buildConfigurationList = 79BE4AC11B2BDFC10047E037 /* Build configuration list for PBXNativeTarget "UITableViewHeaderTests" */;
			buildPhases = (
				79BE4AB01B2BDFC10047E037 /* Sources */,
				79BE4AB11B2BDFC10047E037 /* Frameworks */,
				79BE4AB21B2BDFC10047E037 /* Resources */,
			);
			buildRules = (
			);
			dependencies = (
				79BE4AB61B2BDFC10047E037 /* PBXTargetDependency */,
			);
			name = UITableViewHeaderTests;
			productName = UITableViewHeaderTests;
			productReference = 79BE4AB41B2BDFC10047E037 /* UITableViewHeaderTests.xctest */;
			productType = "com.apple.product-type.bundle.unit-test";
		};
/* End PBXNativeTarget section */

/* Begin PBXProject section */
		79BE4A971B2BDFC10047E037 /* Project object */ = {
			isa = PBXProject;
			attributes = {
				LastUpgradeCheck = 0630;
				ORGANIZATIONNAME = "Anderson Caxias";
				TargetAttributes = {
					79BE4A9E1B2BDFC10047E037 = {
						CreatedOnToolsVersion = 6.3.2;
					};
					79BE4AB31B2BDFC10047E037 = {
						CreatedOnToolsVersion = 6.3.2;
						TestTargetID = 79BE4A9E1B2BDFC10047E037;
					};
				};
			};
			buildConfigurationList = 79BE4A9A1B2BDFC10047E037 /* Build configuration list for PBXProject "UITableViewHeader" */;
			compatibilityVersion = "Xcode 3.2";
			developmentRegion = English;
			hasScannedForEncodings = 0;
			knownRegions = (
				en,
				Base,
			);
			mainGroup = 79BE4A961B2BDFC10047E037;
			productRefGroup = 79BE4AA01B2BDFC10047E037 /* Products */;
			projectDirPath = "";
			projectRoot = "";
			targets = (
				79BE4A9E1B2BDFC10047E037 /* UITableViewHeader */,
				79BE4AB31B2BDFC10047E037 /* UITableViewHeaderTests */,
			);
		};
/* End PBXProject section */

/* Begin PBXResourcesBuildPhase section */
		79BE4A9D1B2BDFC10047E037 /* Resources */ = {
			isa = PBXResourcesBuildPhase;
			buildActionMask = 2147483647;
			files = (
				79BE4AAA1B2BDFC10047E037 /* Main.storyboard in Resources */,
				79BE4ACD1B2BE7FC0047E037 /* LTableViewCell.xib in Resources */,
				790743871B2C4FF200BA36C1 /* Info.plist in Resources */,
				79BE4AAF1B2BDFC10047E037 /* LaunchScreen.xib in Resources */,
				7907438A1B2C4FF200BA36C1 /* LoadingView.xib in Resources */,
				79BE4AAC1B2BDFC10047E037 /* Images.xcassets in Resources */,
				79BE4AC51B2BE31F0047E037 /* HeaderView.xib in Resources */,
			);
			runOnlyForDeploymentPostprocessing = 0;
		};
		79BE4AB21B2BDFC10047E037 /* Resources */ = {
			isa = PBXResourcesBuildPhase;
			buildActionMask = 2147483647;
			files = (
			);
			runOnlyForDeploymentPostprocessing = 0;
		};
/* End PBXResourcesBuildPhase section */

/* Begin PBXSourcesBuildPhase section */
		79BE4A9B1B2BDFC10047E037 /* Sources */ = {
			isa = PBXSourcesBuildPhase;
			buildActionMask = 2147483647;
			files = (
				79BE4AA71B2BDFC10047E037 /* MyViewController.swift in Sources */,
				7907438C1B2C4FF200BA36C1 /* SoundPlayer.swift in Sources */,
				790743801B2C4FF200BA36C1 /* DesignableImageView.swift in Sources */,
				790743921B2C4FF200BA36C1 /* SpringTextField.swift in Sources */,
				79BE4AC91B2BE64E0047E037 /* TableViewCell.swift in Sources */,
				790743831B2C4FF200BA36C1 /* DesignableTextField.swift in Sources */,
				790743951B2C4FF200BA36C1 /* TransitionManager.swift in Sources */,
				7907438E1B2C4FF200BA36C1 /* SpringAnimation.swift in Sources */,
				7907437B1B2C4FF200BA36C1 /* AsyncButton.swift in Sources */,
				790743881B2C4FF200BA36C1 /* KeyboardLayoutConstraint.swift in Sources */,
				7907437F1B2C4FF200BA36C1 /* DesignableButton.swift in Sources */,
				79BE4AC71B2BE4BB0047E037 /* MyTableViewController.swift in Sources */,
				79BE4AA51B2BDFC10047E037 /* AppDelegate.swift in Sources */,
				790743851B2C4FF200BA36C1 /* DesignableView.swift in Sources */,
				790743961B2C4FF200BA36C1 /* TransitionZoom.swift in Sources */,
				7907437E1B2C4FF200BA36C1 /* BlurView.swift in Sources */,
				79BE4ACC1B2BE7FC0047E037 /* LTableViewCell.swift in Sources */,
				790743861B2C4FF200BA36C1 /* ImageLoader.swift in Sources */,
				790743941B2C4FF200BA36C1 /* SpringView.swift in Sources */,
				790743911B2C4FF200BA36C1 /* SpringLabel.swift in Sources */,
				7907438B1B2C4FF200BA36C1 /* Misc.swift in Sources */,
				790743821B2C4FF200BA36C1 /* DesignableTabBarController.swift in Sources */,
				7907437D1B2C4FF200BA36C1 /* AutoTextView.swift in Sources */,
				790743841B2C4FF200BA36C1 /* DesignableTextView.swift in Sources */,
				7907438D1B2C4FF200BA36C1 /* Spring.swift in Sources */,
				7907438F1B2C4FF200BA36C1 /* SpringButton.swift in Sources */,
				790743971B2C4FF200BA36C1 /* UnwindSegue.swift in Sources */,
				790743811B2C4FF200BA36C1 /* DesignableLabel.swift in Sources */,
				790743901B2C4FF200BA36C1 /* SpringImageView.swift in Sources */,
				790743891B2C4FF200BA36C1 /* LoadingView.swift in Sources */,
				790743931B2C4FF200BA36C1 /* SpringTextView.swift in Sources */,
				7907437C1B2C4FF200BA36C1 /* AsyncImageView.swift in Sources */,
			);
			runOnlyForDeploymentPostprocessing = 0;
		};
		79BE4AB01B2BDFC10047E037 /* Sources */ = {
			isa = PBXSourcesBuildPhase;
			buildActionMask = 2147483647;
			files = (
				79BE4ABB1B2BDFC10047E037 /* UITableViewHeaderTests.swift in Sources */,
			);
			runOnlyForDeploymentPostprocessing = 0;
		};
/* End PBXSourcesBuildPhase section */

/* Begin PBXTargetDependency section */
		79BE4AB61B2BDFC10047E037 /* PBXTargetDependency */ = {
			isa = PBXTargetDependency;
			target = 79BE4A9E1B2BDFC10047E037 /* UITableViewHeader */;
			targetProxy = 79BE4AB51B2BDFC10047E037 /* PBXContainerItemProxy */;
		};
/* End PBXTargetDependency section */

/* Begin PBXVariantGroup section */
		79BE4AA81B2BDFC10047E037 /* Main.storyboard */ = {
			isa = PBXVariantGroup;
			children = (
				79BE4AA91B2BDFC10047E037 /* Base */,
			);
			name = Main.storyboard;
			sourceTree = "<group>";
		};
		79BE4AAD1B2BDFC10047E037 /* LaunchScreen.xib */ = {
			isa = PBXVariantGroup;
			children = (
				79BE4AAE1B2BDFC10047E037 /* Base */,
			);
			name = LaunchScreen.xib;
			sourceTree = "<group>";
		};
/* End PBXVariantGroup section */

/* Begin XCBuildConfiguration section */
		79BE4ABC1B2BDFC10047E037 /* Debug */ = {
			isa = XCBuildConfiguration;
			buildSettings = {
				ALWAYS_SEARCH_USER_PATHS = NO;
				CLANG_CXX_LANGUAGE_STANDARD = "gnu++0x";
				CLANG_CXX_LIBRARY = "libc++";
				CLANG_ENABLE_MODULES = YES;
				CLANG_ENABLE_OBJC_ARC = YES;
				CLANG_WARN_BOOL_CONVERSION = YES;
				CLANG_WARN_CONSTANT_CONVERSION = YES;
				CLANG_WARN_DIRECT_OBJC_ISA_USAGE = YES_ERROR;
				CLANG_WARN_EMPTY_BODY = YES;
				CLANG_WARN_ENUM_CONVERSION = YES;
				CLANG_WARN_INT_CONVERSION = YES;
				CLANG_WARN_OBJC_ROOT_CLASS = YES_ERROR;
				CLANG_WARN_UNREACHABLE_CODE = YES;
				CLANG_WARN__DUPLICATE_METHOD_MATCH = YES;
				"CODE_SIGN_IDENTITY[sdk=iphoneos*]" = "iPhone Developer";
				COPY_PHASE_STRIP = NO;
				DEBUG_INFORMATION_FORMAT = "dwarf-with-dsym";
				ENABLE_STRICT_OBJC_MSGSEND = YES;
				GCC_C_LANGUAGE_STANDARD = gnu99;
				GCC_DYNAMIC_NO_PIC = NO;
				GCC_NO_COMMON_BLOCKS = YES;
				GCC_OPTIMIZATION_LEVEL = 0;
				GCC_PREPROCESSOR_DEFINITIONS = (
					"DEBUG=1",
					"$(inherited)",
				);
				GCC_SYMBOLS_PRIVATE_EXTERN = NO;
				GCC_WARN_64_TO_32_BIT_CONVERSION = YES;
				GCC_WARN_ABOUT_RETURN_TYPE = YES_ERROR;
				GCC_WARN_UNDECLARED_SELECTOR = YES;
				GCC_WARN_UNINITIALIZED_AUTOS = YES_AGGRESSIVE;
				GCC_WARN_UNUSED_FUNCTION = YES;
				GCC_WARN_UNUSED_VARIABLE = YES;
				IPHONEOS_DEPLOYMENT_TARGET = 8.3;
				MTL_ENABLE_DEBUG_INFO = YES;
				ONLY_ACTIVE_ARCH = YES;
				SDKROOT = iphoneos;
				SWIFT_OPTIMIZATION_LEVEL = "-Onone";
			};
			name = Debug;
		};
		79BE4ABD1B2BDFC10047E037 /* Release */ = {
			isa = XCBuildConfiguration;
			buildSettings = {
				ALWAYS_SEARCH_USER_PATHS = NO;
				CLANG_CXX_LANGUAGE_STANDARD = "gnu++0x";
				CLANG_CXX_LIBRARY = "libc++";
				CLANG_ENABLE_MODULES = YES;
				CLANG_ENABLE_OBJC_ARC = YES;
				CLANG_WARN_BOOL_CONVERSION = YES;
				CLANG_WARN_CONSTANT_CONVERSION = YES;
				CLANG_WARN_DIRECT_OBJC_ISA_USAGE = YES_ERROR;
				CLANG_WARN_EMPTY_BODY = YES;
				CLANG_WARN_ENUM_CONVERSION = YES;
				CLANG_WARN_INT_CONVERSION = YES;
				CLANG_WARN_OBJC_ROOT_CLASS = YES_ERROR;
				CLANG_WARN_UNREACHABLE_CODE = YES;
				CLANG_WARN__DUPLICATE_METHOD_MATCH = YES;
				"CODE_SIGN_IDENTITY[sdk=iphoneos*]" = "iPhone Developer";
				COPY_PHASE_STRIP = NO;
				DEBUG_INFORMATION_FORMAT = "dwarf-with-dsym";
				ENABLE_NS_ASSERTIONS = NO;
				ENABLE_STRICT_OBJC_MSGSEND = YES;
				GCC_C_LANGUAGE_STANDARD = gnu99;
				GCC_NO_COMMON_BLOCKS = YES;
				GCC_WARN_64_TO_32_BIT_CONVERSION = YES;
				GCC_WARN_ABOUT_RETURN_TYPE = YES_ERROR;
				GCC_WARN_UNDECLARED_SELECTOR = YES;
				GCC_WARN_UNINITIALIZED_AUTOS = YES_AGGRESSIVE;
				GCC_WARN_UNUSED_FUNCTION = YES;
				GCC_WARN_UNUSED_VARIABLE = YES;
				IPHONEOS_DEPLOYMENT_TARGET = 8.3;
				MTL_ENABLE_DEBUG_INFO = NO;
				SDKROOT = iphoneos;
				VALIDATE_PRODUCT = YES;
			};
			name = Release;
		};
		79BE4ABF1B2BDFC10047E037 /* Debug */ = {
			isa = XCBuildConfiguration;
			buildSettings = {
				ASSETCATALOG_COMPILER_APPICON_NAME = AppIcon;
				INFOPLIST_FILE = UITableViewHeader/Info.plist;
				LD_RUNPATH_SEARCH_PATHS = "$(inherited) @executable_path/Frameworks";
				PRODUCT_NAME = "$(TARGET_NAME)";
			};
			name = Debug;
		};
		79BE4AC01B2BDFC10047E037 /* Release */ = {
			isa = XCBuildConfiguration;
			buildSettings = {
				ASSETCATALOG_COMPILER_APPICON_NAME = AppIcon;
				INFOPLIST_FILE = UITableViewHeader/Info.plist;
				LD_RUNPATH_SEARCH_PATHS = "$(inherited) @executable_path/Frameworks";
				PRODUCT_NAME = "$(TARGET_NAME)";
			};
			name = Release;
		};
		79BE4AC21B2BDFC10047E037 /* Debug */ = {
			isa = XCBuildConfiguration;
			buildSettings = {
				BUNDLE_LOADER = "$(TEST_HOST)";
				FRAMEWORK_SEARCH_PATHS = (
					"$(SDKROOT)/Developer/Library/Frameworks",
					"$(inherited)",
				);
				GCC_PREPROCESSOR_DEFINITIONS = (
					"DEBUG=1",
					"$(inherited)",
				);
				INFOPLIST_FILE = UITableViewHeaderTests/Info.plist;
				LD_RUNPATH_SEARCH_PATHS = "$(inherited) @executable_path/Frameworks @loader_path/Frameworks";
				PRODUCT_NAME = "$(TARGET_NAME)";
				TEST_HOST = "$(BUILT_PRODUCTS_DIR)/UITableViewHeader.app/UITableViewHeader";
			};
			name = Debug;
		};
		79BE4AC31B2BDFC10047E037 /* Release */ = {
			isa = XCBuildConfiguration;
			buildSettings = {
				BUNDLE_LOADER = "$(TEST_HOST)";
				FRAMEWORK_SEARCH_PATHS = (
					"$(SDKROOT)/Developer/Library/Frameworks",
					"$(inherited)",
				);
				INFOPLIST_FILE = UITableViewHeaderTests/Info.plist;
				LD_RUNPATH_SEARCH_PATHS = "$(inherited) @executable_path/Frameworks @loader_path/Frameworks";
				PRODUCT_NAME = "$(TARGET_NAME)";
				TEST_HOST = "$(BUILT_PRODUCTS_DIR)/UITableViewHeader.app/UITableViewHeader";
			};
			name = Release;
		};
/* End XCBuildConfiguration section */

/* Begin XCConfigurationList section */
		79BE4A9A1B2BDFC10047E037 /* Build configuration list for PBXProject "UITableViewHeader" */ = {
			isa = XCConfigurationList;
			buildConfigurations = (
				79BE4ABC1B2BDFC10047E037 /* Debug */,
				79BE4ABD1B2BDFC10047E037 /* Release */,
			);
			defaultConfigurationIsVisible = 0;
			defaultConfigurationName = Release;
		};
		79BE4ABE1B2BDFC10047E037 /* Build configuration list for PBXNativeTarget "UITableViewHeader" */ = {
			isa = XCConfigurationList;
			buildConfigurations = (
				79BE4ABF1B2BDFC10047E037 /* Debug */,
				79BE4AC01B2BDFC10047E037 /* Release */,
			);
			defaultConfigurationIsVisible = 0;
			defaultConfigurationName = Release;
		};
		79BE4AC11B2BDFC10047E037 /* Build configuration list for PBXNativeTarget "UITableViewHeaderTests" */ = {
			isa = XCConfigurationList;
			buildConfigurations = (
				79BE4AC21B2BDFC10047E037 /* Debug */,
				79BE4AC31B2BDFC10047E037 /* Release */,
			);
			defaultConfigurationIsVisible = 0;
			defaultConfigurationName = Release;
		};
/* End XCConfigurationList section */
	};
	rootObject = 79BE4A971B2BDFC10047E037 /* Project object */;
}
